
Microsoft Visual Studio Solution File, Format Version 12.00
# Visual Studio Version 17
VisualStudioVersion = 17.4.33110.190
MinimumVisualStudioVersion = 10.0.40219.1
Project("{FAE04EC0-301F-11D3-BF4B-00C04F79EFBC}") = "SOA_SolidPrinciple", "SOA_SolidPrinciple\SOA_SolidPrinciple.csproj", "{D847EE1F-3552-479B-AF22-3A461ADD3248}"
EndProject
Global
	GlobalSection(SolutionConfigurationPlatforms) = preSolution
		Debug|Any CPU = Debug|Any CPU
		Release|Any CPU = Release|Any CPU
	EndGlobalSection
	GlobalSection(ProjectConfigurationPlatforms) = postSolution
		{D847EE1F-3552-479B-AF22-3A461ADD3248}.Debug|Any CPU.ActiveCfg = Debug|Any CPU
		{D847EE1F-3552-479B-AF22-3A461ADD3248}.Debug|Any CPU.Build.0 = Debug|Any CPU
		{D847EE1F-3552-479B-AF22-3A461ADD3248}.Release|Any CPU.ActiveCfg = Release|Any CPU
		{D847EE1F-3552-479B-AF22-3A461ADD3248}.Release|Any CPU.Build.0 = Release|Any CPU
	EndGlobalSection
	GlobalSection(SolutionProperties) = preSolution
		HideSolutionNode = FALSE
	EndGlobalSection
	GlobalSection(ExtensibilityGlobals) = postSolution
		SolutionGuid = {733DD41E-4D45-4FC2-AC7B-FE19C8E2B1EF}
	EndGlobalSection
EndGlobal
